
Microsoft Visual Studio Solution File, Format Version 12.00
# Visual Studio Version 16
VisualStudioVersion = 16.0.31624.102
MinimumVisualStudioVersion = 10.0.40219.1
Project("{FAE04EC0-301F-11D3-BF4B-00C04F79EFBC}") = "social", "social.csproj", "{48A98679-086A-4893-A1CE-BADBB279E6D2}"
EndProject
Global
	GlobalSection(SolutionConfigurationPlatforms) = preSolution
		Debug|Any CPU = Debug|Any CPU
		Release|Any CPU = Release|Any CPU
	EndGlobalSection
	GlobalSection(ProjectConfigurationPlatforms) = postSolution
		{48A98679-086A-4893-A1CE-BADBB279E6D2}.Debug|Any CPU.ActiveCfg = Debug|Any CPU
		{48A98679-086A-4893-A1CE-BADBB279E6D2}.Debug|Any CPU.Build.0 = Debug|Any CPU
		{48A98679-086A-4893-A1CE-BADBB279E6D2}.Release|Any CPU.ActiveCfg = Release|Any CPU
		{48A98679-086A-4893-A1CE-BADBB279E6D2}.Release|Any CPU.Build.0 = Release|Any CPU
	EndGlobalSection
	GlobalSection(SolutionProperties) = preSolution
		HideSolutionNode = FALSE
	EndGlobalSection
	GlobalSection(ExtensibilityGlobals) = postSolution
		SolutionGuid = {40DCFC06-6813-4313-BEB1-035198E2E92F}
	EndGlobalSection
EndGlobal
